PODS:
  - auto_start_flutter (0.0.1):
    - FlutterMacOS
  - FlutterMacOS (1.0.0)

DEPENDENCIES:
  - auto_start_flutter (from `Flutter/ephemeral/.symlinks/plugins/auto_start_flutter/macos`)
  - FlutterMacOS (from `Flutter/ephemeral`)

EXTERNAL SOURCES:
  auto_start_flutter:
    :path: Flutter/ephemeral/.symlinks/plugins/auto_start_flutter/macos
  FlutterMacOS:
    :path: Flutter/ephemeral

SPEC CHECKSUMS:
  auto_start_flutter: c96a959da7f16e75d2c8f36cf2bcbe08188e6591
  FlutterMacOS: d0db08ddef1a9af05a5ec4b724367152bb0500b1

PODFILE CHECKSUM: 54d867c82ac51cbd61b565781b9fada492027009

COCOAPODS: 1.16.2
